{
  "name": "docker_practice",
  "version": "1.0.0",
  "lockfileVersion": 1,
  "requires": true,
  "dependencies": {
    "@types/wx": {
      "version": "github:khs1994/types-wx#11d2a575cd292f5f7ed2f2f5d828a0dc9a7a89e0",
      "from": "github:khs1994/types-wx",
      "dev": true
    },
    "towxml": {
      "version": "github:pcit-ce/towxml#82284d81c68948b887dae9417cbb8459012ceba2",
      "from": "github:pcit-ce/towxml"
    },
    "typescript": {
      "version": "3.5.3",
      "resolved": "https://registry.npm.taobao.org/typescript/download/typescript-3.5.3.tgz",
      "integrity": "sha1-yDD2V/k/HqhGgZ6SkJL1/lmD6Xc=",
      "dev": true
    }
  }
}
