{
  "name": "docker_practice",
  "version": "1.0.0",
  "lockfileVersion": 1,
  "requires": true,
  "dependencies": {
    "miniprogram-api-typings": {
      "version": "2.10.2-1",
      "resolved": "https://registry.npm.taobao.org/miniprogram-api-typings/download/miniprogram-api-typings-2.10.2-1.tgz",
      "integrity": "sha1-+fNp8R5AFycepCBYXjHCFRvk7v0=",
      "dev": true
    },
    "towxml": {
      "version": "github:khs1994/towxml#fa9b5074837b4eee66514a077aa182559d40ee2a",
      "from": "github:khs1994/towxml"
    },
    "wemark": {
      "version": "github:docker-practice/wemark#aff88f20b176fb9dfa0774d9a0f8f3598131e6cd",
      "from": "github:docker-practice/wemark"
    },
    "wx-markdown": {
      "version": "github:khs1994/wx-markdown#7bbd2c190ae72cf2969606d38e7c621e1ee0e3e6",
      "from": "github:khs1994/wx-markdown",
      "requires": {
        "towxml": "github:khs1994/towxml"
      }
    }
  }
}
