# THIS IS AN AUTOGENERATED FILE. DO NOT EDIT THIS FILE DIRECTLY.
# yarn lockfile v1


"@types/wx@github:khs1994/types-wx":
  version "19.3.12"
  resolved "https://codeload.github.com/khs1994/types-wx/tar.gz/54bbffa193ad3ddbefc29fb93e366c39a1f2d6bc"

"towxml@github:pcit-ce/towxml":
  version "2.1.4"
  resolved "https://codeload.github.com/pcit-ce/towxml/tar.gz/82284d81c68948b887dae9417cbb8459012ceba2"

typescript@^3.2.2:
  version "3.3.3333"
  resolved "http://registry.npm.taobao.org/typescript/download/typescript-3.3.3333.tgz#171b2c5af66c59e9431199117a3bcadc66fdcfd6"
  integrity sha1-FxssWvZsWelDEZkRejvK3Gb9z9Y=
