{
  "name": "docker_practice",
  "version": "18.12.0-alpha.0",
  "lockfileVersion": 1,
  "requires": true,
  "dependencies": {
    "iview-weapp": {
      "version": "2.0.0",
      "resolved": "http://registry.npm.taobao.org/iview-weapp/download/iview-weapp-2.0.0.tgz",
      "integrity": "sha1-T5qDvkKLqyU/sEgvZ5KgpGHd/Yw=",
      "dev": true
    },
    "weui-wxss": {
      "version": "1.1.1",
      "resolved": "http://registry.npm.taobao.org/weui-wxss/download/weui-wxss-1.1.1.tgz",
      "integrity": "sha1-nlLttAbYjiTMLrehhupxIN1v8QQ=",
      "dev": true
    }
  }
}
